// !$*UTF8*$!
{
	archiveVersion = 1;
	classes = {
	};
	objectVersion = 46;
	objects = {

/* Begin PBXBuildFile section */
		1B9B24A01D5E647600E10D58 /* AppDelegate.swift in Sources */ = {isa = PBXBuildFile; fileRef = 1B9B249F1D5E647600E10D58 /* AppDelegate.swift */; };
		1B9B24A51D5E647600E10D58 /* Horoscope.storyboard in Resources */ = {isa = PBXBuildFile; fileRef = 1B9B24A31D5E647600E10D58 /* Horoscope.storyboard */; };
		1B9B24AA1D5E647600E10D58 /* Assets.xcassets in Resources */ = {isa = PBXBuildFile; fileRef = 1B9B24A91D5E647600E10D58 /* Assets.xcassets */; };
		1B9B24AD1D5E647600E10D58 /* LaunchScreen.storyboard in Resources */ = {isa = PBXBuildFile; fileRef = 1B9B24AB1D5E647600E10D58 /* LaunchScreen.storyboard */; };
		1B9B24B71D5E64EC00E10D58 /* DatePicker.storyboard in Resources */ = {isa = PBXBuildFile; fileRef = 1B9B24B61D5E64EC00E10D58 /* DatePicker.storyboard */; };
		1BB768F41D63C8A7009D3737 /* HoroscopeViewController.swift in Sources */ = {isa = PBXBuildFile; fileRef = 1BB768F31D63C8A7009D3737 /* HoroscopeViewController.swift */; };
		1BB768F61D63C951009D3737 /* DatePickerViewController.swift in Sources */ = {isa = PBXBuildFile; fileRef = 1BB768F51D63C951009D3737 /* DatePickerViewController.swift */; };
		1BE63D791D61FFF100066410 /* datePickerClass.swift in Sources */ = {isa = PBXBuildFile; fileRef = 1BE63D781D61FFF100066410 /* datePickerClass.swift */; };
		1BE83D141D63989B00A95FA4 /* Secrets.swift in Sources */ = {isa = PBXBuildFile; fileRef = 1BE83D131D63989B00A95FA4 /* Secrets.swift */; };
		237A0C0B41A4CB60C871B44B /* Pods_Lemonade.framework in Frameworks */ = {isa = PBXBuildFile; fileRef = B486A1C26C5C410B1D668BEF /* Pods_Lemonade.framework */; };
		43D35F7E1D62364B0017C4D6 /* DataStore.swift in Sources */ = {isa = PBXBuildFile; fileRef = 43D35F7D1D62364B0017C4D6 /* DataStore.swift */; };
		43D35FA61D624E430017C4D6 /* UsersAndDate.xcdatamodeld in Sources */ = {isa = PBXBuildFile; fileRef = 43D35FA41D624E430017C4D6 /* UsersAndDate.xcdatamodeld */; };
		43D35FB41D6357780017C4D6 /* Users.swift in Sources */ = {isa = PBXBuildFile; fileRef = 43D35FB31D6357780017C4D6 /* Users.swift */; };
		43D35FB81D6358F70017C4D6 /* Users+CoreDataProperties.swift in Sources */ = {isa = PBXBuildFile; fileRef = 43D35FB71D6358F70017C4D6 /* Users+CoreDataProperties.swift */; };
		DEDBEE861D5E731700208782 /* HoroscopeAPIClient.swift in Sources */ = {isa = PBXBuildFile; fileRef = DEDBEE851D5E731700208782 /* HoroscopeAPIClient.swift */; };
		DEFEEF421D637AF900383A56 /* NASAAPIClient.swift in Sources */ = {isa = PBXBuildFile; fileRef = DEFEEF411D637AF900383A56 /* NASAAPIClient.swift */; };
/* End PBXBuildFile section */

/* Begin PBXFileReference section */
		139238EF116A873FAE18CB02 /* Pods-Lemonade.debug.xcconfig */ = {isa = PBXFileReference; includeInIndex = 1; lastKnownFileType = text.xcconfig; name = "Pods-Lemonade.debug.xcconfig"; path = "Pods/Target Support Files/Pods-Lemonade/Pods-Lemonade.debug.xcconfig"; sourceTree = "<group>"; };
		1B9B249C1D5E647600E10D58 /* Lemonade.app */ = {isa = PBXFileReference; explicitFileType = wrapper.application; includeInIndex = 0; path = Lemonade.app; sourceTree = BUILT_PRODUCTS_DIR; };
		1B9B249F1D5E647600E10D58 /* AppDelegate.swift */ = {isa = PBXFileReference; lastKnownFileType = sourcecode.swift; path = AppDelegate.swift; sourceTree = "<group>"; };
		1B9B24A41D5E647600E10D58 /* Base */ = {isa = PBXFileReference; lastKnownFileType = file.storyboard; name = Base; path = Base.lproj/Horoscope.storyboard; sourceTree = "<group>"; };
		1B9B24A91D5E647600E10D58 /* Assets.xcassets */ = {isa = PBXFileReference; lastKnownFileType = folder.assetcatalog; path = Assets.xcassets; sourceTree = "<group>"; };
		1B9B24AC1D5E647600E10D58 /* Base */ = {isa = PBXFileReference; lastKnownFileType = file.storyboard; name = Base; path = Base.lproj/LaunchScreen.storyboard; sourceTree = "<group>"; };
		1B9B24AE1D5E647600E10D58 /* Info.plist */ = {isa = PBXFileReference; lastKnownFileType = text.plist.xml; path = Info.plist; sourceTree = "<group>"; };
		1B9B24B61D5E64EC00E10D58 /* DatePicker.storyboard */ = {isa = PBXFileReference; fileEncoding = 4; lastKnownFileType = file.storyboard; path = DatePicker.storyboard; sourceTree = "<group>"; };
		1BB768F31D63C8A7009D3737 /* HoroscopeViewController.swift */ = {isa = PBXFileReference; fileEncoding = 4; lastKnownFileType = sourcecode.swift; path = HoroscopeViewController.swift; sourceTree = "<group>"; };
		1BB768F51D63C951009D3737 /* DatePickerViewController.swift */ = {isa = PBXFileReference; fileEncoding = 4; lastKnownFileType = sourcecode.swift; path = DatePickerViewController.swift; sourceTree = "<group>"; };
		1BE63D781D61FFF100066410 /* datePickerClass.swift */ = {isa = PBXFileReference; fileEncoding = 4; lastKnownFileType = sourcecode.swift; path = datePickerClass.swift; sourceTree = "<group>"; };
		1BE83D131D63989B00A95FA4 /* Secrets.swift */ = {isa = PBXFileReference; fileEncoding = 4; lastKnownFileType = sourcecode.swift; path = Secrets.swift; sourceTree = "<group>"; };
		43D35F7D1D62364B0017C4D6 /* DataStore.swift */ = {isa = PBXFileReference; fileEncoding = 4; lastKnownFileType = sourcecode.swift; path = DataStore.swift; sourceTree = "<group>"; };
		43D35FA51D624E430017C4D6 /* UsersAndDate.xcdatamodel */ = {isa = PBXFileReference; lastKnownFileType = wrapper.xcdatamodel; path = UsersAndDate.xcdatamodel; sourceTree = "<group>"; };
		43D35FB31D6357780017C4D6 /* Users.swift */ = {isa = PBXFileReference; fileEncoding = 4; lastKnownFileType = sourcecode.swift; path = Users.swift; sourceTree = SOURCE_ROOT; };
		43D35FB71D6358F70017C4D6 /* Users+CoreDataProperties.swift */ = {isa = PBXFileReference; fileEncoding = 4; lastKnownFileType = sourcecode.swift; name = "Users+CoreDataProperties.swift"; path = "../Users+CoreDataProperties.swift"; sourceTree = "<group>"; };
		AEFDADAF976DB5FE8EEF2799 /* Pods-Lemonade.release.xcconfig */ = {isa = PBXFileReference; includeInIndex = 1; lastKnownFileType = text.xcconfig; name = "Pods-Lemonade.release.xcconfig"; path = "Pods/Target Support Files/Pods-Lemonade/Pods-Lemonade.release.xcconfig"; sourceTree = "<group>"; };
		B486A1C26C5C410B1D668BEF /* Pods_Lemonade.framework */ = {isa = PBXFileReference; explicitFileType = wrapper.framework; includeInIndex = 0; path = Pods_Lemonade.framework; sourceTree = BUILT_PRODUCTS_DIR; };
		DEDBEE851D5E731700208782 /* HoroscopeAPIClient.swift */ = {isa = PBXFileReference; fileEncoding = 4; lastKnownFileType = sourcecode.swift; path = HoroscopeAPIClient.swift; sourceTree = "<group>"; };
		DEFEEF411D637AF900383A56 /* NASAAPIClient.swift */ = {isa = PBXFileReference; fileEncoding = 4; lastKnownFileType = sourcecode.swift; path = NASAAPIClient.swift; sourceTree = "<group>"; };
/* End PBXFileReference section */

/* Begin PBXFrameworksBuildPhase section */
		1B9B24991D5E647600E10D58 /* Frameworks */ = {
			isa = PBXFrameworksBuildPhase;
			buildActionMask = 2147483647;
			files = (
				237A0C0B41A4CB60C871B44B /* Pods_Lemonade.framework in Frameworks */,
			);
			runOnlyForDeploymentPostprocessing = 0;
		};
/* End PBXFrameworksBuildPhase section */

/* Begin PBXGroup section */
		15498F7E80CCCDAC134ED6C9 /* Frameworks */ = {
			isa = PBXGroup;
			children = (
				B486A1C26C5C410B1D668BEF /* Pods_Lemonade.framework */,
			);
			name = Frameworks;
			sourceTree = "<group>";
		};
		1B9B24931D5E647600E10D58 = {
			isa = PBXGroup;
			children = (
				1B9B249E1D5E647600E10D58 /* Lemonade */,
				1B9B249D1D5E647600E10D58 /* Products */,
				52168CE032024948ECED15BB /* Pods */,
				15498F7E80CCCDAC134ED6C9 /* Frameworks */,
			);
			sourceTree = "<group>";
		};
		1B9B249D1D5E647600E10D58 /* Products */ = {
			isa = PBXGroup;
			children = (
				1B9B249C1D5E647600E10D58 /* Lemonade.app */,
			);
			name = Products;
			sourceTree = "<group>";
		};
		1B9B249E1D5E647600E10D58 /* Lemonade */ = {
			isa = PBXGroup;
			children = (
				43D35F7D1D62364B0017C4D6 /* DataStore.swift */,
				43D35FA41D624E430017C4D6 /* UsersAndDate.xcdatamodeld */,
				1BB768F51D63C951009D3737 /* DatePickerViewController.swift */,
				43D35FB71D6358F70017C4D6 /* Users+CoreDataProperties.swift */,
				43D35FB31D6357780017C4D6 /* Users.swift */,
				1B9B249F1D5E647600E10D58 /* AppDelegate.swift */,
				DEDBEE851D5E731700208782 /* HoroscopeAPIClient.swift */,
				DEFEEF411D637AF900383A56 /* NASAAPIClient.swift */,
				1BB768F31D63C8A7009D3737 /* HoroscopeViewController.swift */,
				1B9B24A31D5E647600E10D58 /* Horoscope.storyboard */,
				1BE63D781D61FFF100066410 /* datePickerClass.swift */,
				1B9B24B61D5E64EC00E10D58 /* DatePicker.storyboard */,
				1BE83D131D63989B00A95FA4 /* Secrets.swift */,
				1B9B24A91D5E647600E10D58 /* Assets.xcassets */,
				1B9B24AB1D5E647600E10D58 /* LaunchScreen.storyboard */,
				1B9B24AE1D5E647600E10D58 /* Info.plist */,
			);
			path = Lemonade;
			sourceTree = "<group>";
		};
		52168CE032024948ECED15BB /* Pods */ = {
			isa = PBXGroup;
			children = (
				139238EF116A873FAE18CB02 /* Pods-Lemonade.debug.xcconfig */,
				AEFDADAF976DB5FE8EEF2799 /* Pods-Lemonade.release.xcconfig */,
			);
			name = Pods;
			sourceTree = "<group>";
		};
/* End PBXGroup section */

/* Begin PBXNativeTarget section */
		1B9B249B1D5E647600E10D58 /* Lemonade */ = {
			isa = PBXNativeTarget;
			buildConfigurationList = 1B9B24B11D5E647600E10D58 /* Build configuration list for PBXNativeTarget "Lemonade" */;
			buildPhases = (
				1ACFA8AA2FE56EB8F92E717F /* 📦 Check Pods Manifest.lock */,
				1B9B24981D5E647600E10D58 /* Sources */,
				1B9B24991D5E647600E10D58 /* Frameworks */,
				1B9B249A1D5E647600E10D58 /* Resources */,
				FC644822508FC4351F43F90F /* 📦 Embed Pods Frameworks */,
				DEE14779EDFEC80A9F32E830 /* 📦 Copy Pods Resources */,
			);
			buildRules = (
			);
			dependencies = (
			);
			name = Lemonade;
			productName = Lemonade;
			productReference = 1B9B249C1D5E647600E10D58 /* Lemonade.app */;
			productType = "com.apple.product-type.application";
		};
/* End PBXNativeTarget section */

/* Begin PBXProject section */
		1B9B24941D5E647600E10D58 /* Project object */ = {
			isa = PBXProject;
			attributes = {
				LastSwiftUpdateCheck = 0730;
				LastUpgradeCheck = 0730;
				ORGANIZATIONNAME = "Flatiron School";
				TargetAttributes = {
					1B9B249B1D5E647600E10D58 = {
						CreatedOnToolsVersion = 7.3.1;
					};
				};
			};
			buildConfigurationList = 1B9B24971D5E647600E10D58 /* Build configuration list for PBXProject "Lemonade" */;
			compatibilityVersion = "Xcode 3.2";
			developmentRegion = English;
			hasScannedForEncodings = 0;
			knownRegions = (
				en,
				Base,
			);
			mainGroup = 1B9B24931D5E647600E10D58;
			productRefGroup = 1B9B249D1D5E647600E10D58 /* Products */;
			projectDirPath = "";
			projectRoot = "";
			targets = (
				1B9B249B1D5E647600E10D58 /* Lemonade */,
			);
		};
/* End PBXProject section */

/* Begin PBXResourcesBuildPhase section */
		1B9B249A1D5E647600E10D58 /* Resources */ = {
			isa = PBXResourcesBuildPhase;
			buildActionMask = 2147483647;
			files = (
				1B9B24B71D5E64EC00E10D58 /* DatePicker.storyboard in Resources */,
				1B9B24AD1D5E647600E10D58 /* LaunchScreen.storyboard in Resources */,
				1B9B24AA1D5E647600E10D58 /* Assets.xcassets in Resources */,
				1B9B24A51D5E647600E10D58 /* Horoscope.storyboard in Resources */,
			);
			runOnlyForDeploymentPostprocessing = 0;
		};
/* End PBXResourcesBuildPhase section */

/* Begin PBXShellScriptBuildPhase section */
		1ACFA8AA2FE56EB8F92E717F /* 📦 Check Pods Manifest.lock */ = {
			isa = PBXShellScriptBuildPhase;
			buildActionMask = 2147483647;
			files = (
			);
			inputPaths = (
			);
			name = "📦 Check Pods Manifest.lock";
			outputPaths = (
			);
			runOnlyForDeploymentPostprocessing = 0;
			shellPath = /bin/sh;
			shellScript = "diff \"${PODS_ROOT}/../Podfile.lock\" \"${PODS_ROOT}/Manifest.lock\" > /dev/null\nif [[ $? != 0 ]] ; then\n    cat << EOM\nerror: The sandbox is not in sync with the Podfile.lock. Run 'pod install' or update your CocoaPods installation.\nEOM\n    exit 1\nfi\n";
			showEnvVarsInLog = 0;
		};
		DEE14779EDFEC80A9F32E830 /* 📦 Copy Pods Resources */ = {
			isa = PBXShellScriptBuildPhase;
			buildActionMask = 2147483647;
			files = (
			);
			inputPaths = (
			);
			name = "📦 Copy Pods Resources";
			outputPaths = (
			);
			runOnlyForDeploymentPostprocessing = 0;
			shellPath = /bin/sh;
			shellScript = "\"${SRCROOT}/Pods/Target Support Files/Pods-Lemonade/Pods-Lemonade-resources.sh\"\n";
			showEnvVarsInLog = 0;
		};
		FC644822508FC4351F43F90F /* 📦 Embed Pods Frameworks */ = {
			isa = PBXShellScriptBuildPhase;
			buildActionMask = 2147483647;
			files = (
			);
			inputPaths = (
			);
			name = "📦 Embed Pods Frameworks";
			outputPaths = (
			);
			runOnlyForDeploymentPostprocessing = 0;
			shellPath = /bin/sh;
			shellScript = "\"${SRCROOT}/Pods/Target Support Files/Pods-Lemonade/Pods-Lemonade-frameworks.sh\"\n";
			showEnvVarsInLog = 0;
		};
/* End PBXShellScriptBuildPhase section */

/* Begin PBXSourcesBuildPhase section */
		1B9B24981D5E647600E10D58 /* Sources */ = {
			isa = PBXSourcesBuildPhase;
			buildActionMask = 2147483647;
			files = (
				43D35F7E1D62364B0017C4D6 /* DataStore.swift in Sources */,
				DEFEEF421D637AF900383A56 /* NASAAPIClient.swift in Sources */,
				43D35FA61D624E430017C4D6 /* UsersAndDate.xcdatamodeld in Sources */,
				43D35FB81D6358F70017C4D6 /* Users+CoreDataProperties.swift in Sources */,
				1BB768F61D63C951009D3737 /* DatePickerViewController.swift in Sources */,
				43D35FB41D6357780017C4D6 /* Users.swift in Sources */,
				1BB768F41D63C8A7009D3737 /* HoroscopeViewController.swift in Sources */,
				DEDBEE861D5E731700208782 /* HoroscopeAPIClient.swift in Sources */,
				1BE63D791D61FFF100066410 /* datePickerClass.swift in Sources */,
				1B9B24A01D5E647600E10D58 /* AppDelegate.swift in Sources */,
				1BE83D141D63989B00A95FA4 /* Secrets.swift in Sources */,
			);
			runOnlyForDeploymentPostprocessing = 0;
		};
/* End PBXSourcesBuildPhase section */

/* Begin PBXVariantGroup section */
		1B9B24A31D5E647600E10D58 /* Horoscope.storyboard */ = {
			isa = PBXVariantGroup;
			children = (
				1B9B24A41D5E647600E10D58 /* Base */,
			);
			name = Horoscope.storyboard;
			sourceTree = "<group>";
		};
		1B9B24AB1D5E647600E10D58 /* LaunchScreen.storyboard */ = {
			isa = PBXVariantGroup;
			children = (
				1B9B24AC1D5E647600E10D58 /* Base */,
			);
			name = LaunchScreen.storyboard;
			sourceTree = "<group>";
		};
/* End PBXVariantGroup section */

/* Begin XCBuildConfiguration section */
		1B9B24AF1D5E647600E10D58 /* Debug */ = {
			isa = XCBuildConfiguration;
			buildSettings = {
				ALWAYS_SEARCH_USER_PATHS = NO;
				CLANG_ANALYZER_NONNULL = YES;
				CLANG_CXX_LANGUAGE_STANDARD = "gnu++0x";
				CLANG_CXX_LIBRARY = "libc++";
				CLANG_ENABLE_MODULES = YES;
				CLANG_ENABLE_OBJC_ARC = YES;
				CLANG_WARN_BOOL_CONVERSION = YES;
				CLANG_WARN_CONSTANT_CONVERSION = YES;
				CLANG_WARN_DIRECT_OBJC_ISA_USAGE = YES_ERROR;
				CLANG_WARN_EMPTY_BODY = YES;
				CLANG_WARN_ENUM_CONVERSION = YES;
				CLANG_WARN_INT_CONVERSION = YES;
				CLANG_WARN_OBJC_ROOT_CLASS = YES_ERROR;
				CLANG_WARN_UNREACHABLE_CODE = YES;
				CLANG_WARN__DUPLICATE_METHOD_MATCH = YES;
				"CODE_SIGN_IDENTITY[sdk=iphoneos*]" = "iPhone Developer";
				COPY_PHASE_STRIP = NO;
				DEBUG_INFORMATION_FORMAT = dwarf;
				ENABLE_STRICT_OBJC_MSGSEND = YES;
				ENABLE_TESTABILITY = YES;
				GCC_C_LANGUAGE_STANDARD = gnu99;
				GCC_DYNAMIC_NO_PIC = NO;
				GCC_NO_COMMON_BLOCKS = YES;
				GCC_OPTIMIZATION_LEVEL = 0;
				GCC_PREPROCESSOR_DEFINITIONS = (
					"DEBUG=1",
					"$(inherited)",
				);
				GCC_WARN_64_TO_32_BIT_CONVERSION = YES;
				GCC_WARN_ABOUT_RETURN_TYPE = YES_ERROR;
				GCC_WARN_UNDECLARED_SELECTOR = YES;
				GCC_WARN_UNINITIALIZED_AUTOS = YES_AGGRESSIVE;
				GCC_WARN_UNUSED_FUNCTION = YES;
				GCC_WARN_UNUSED_VARIABLE = YES;
				IPHONEOS_DEPLOYMENT_TARGET = 9.3;
				MTL_ENABLE_DEBUG_INFO = YES;
				ONLY_ACTIVE_ARCH = YES;
				SDKROOT = iphoneos;
				SWIFT_OPTIMIZATION_LEVEL = "-Onone";
			};
			name = Debug;
		};
		1B9B24B01D5E647600E10D58 /* Release */ = {
			isa = XCBuildConfiguration;
			buildSettings = {
				ALWAYS_SEARCH_USER_PATHS = NO;
				CLANG_ANALYZER_NONNULL = YES;
				CLANG_CXX_LANGUAGE_STANDARD = "gnu++0x";
				CLANG_CXX_LIBRARY = "libc++";
				CLANG_ENABLE_MODULES = YES;
				CLANG_ENABLE_OBJC_ARC = YES;
				CLANG_WARN_BOOL_CONVERSION = YES;
				CLANG_WARN_CONSTANT_CONVERSION = YES;
				CLANG_WARN_DIRECT_OBJC_ISA_USAGE = YES_ERROR;
				CLANG_WARN_EMPTY_BODY = YES;
				CLANG_WARN_ENUM_CONVERSION = YES;
				CLANG_WARN_INT_CONVERSION = YES;
				CLANG_WARN_OBJC_ROOT_CLASS = YES_ERROR;
				CLANG_WARN_UNREACHABLE_CODE = YES;
				CLANG_WARN__DUPLICATE_METHOD_MATCH = YES;
				"CODE_SIGN_IDENTITY[sdk=iphoneos*]" = "iPhone Developer";
				COPY_PHASE_STRIP = NO;
				DEBUG_INFORMATION_FORMAT = "dwarf-with-dsym";
				ENABLE_NS_ASSERTIONS = NO;
				ENABLE_STRICT_OBJC_MSGSEND = YES;
				GCC_C_LANGUAGE_STANDARD = gnu99;
				GCC_NO_COMMON_BLOCKS = YES;
				GCC_WARN_64_TO_32_BIT_CONVERSION = YES;
				GCC_WARN_ABOUT_RETURN_TYPE = YES_ERROR;
				GCC_WARN_UNDECLARED_SELECTOR = YES;
				GCC_WARN_UNINITIALIZED_AUTOS = YES_AGGRESSIVE;
				GCC_WARN_UNUSED_FUNCTION = YES;
				GCC_WARN_UNUSED_VARIABLE = YES;
				IPHONEOS_DEPLOYMENT_TARGET = 9.3;
				MTL_ENABLE_DEBUG_INFO = NO;
				SDKROOT = iphoneos;
				VALIDATE_PRODUCT = YES;
			};
			name = Release;
		};
		1B9B24B21D5E647600E10D58 /* Debug */ = {
			isa = XCBuildConfiguration;
			baseConfigurationReference = 139238EF116A873FAE18CB02 /* Pods-Lemonade.debug.xcconfig */;
			buildSettings = {
				ASSETCATALOG_COMPILER_APPICON_NAME = AppIcon;
				INFOPLIST_FILE = Lemonade/Info.plist;
				LD_RUNPATH_SEARCH_PATHS = "$(inherited) @executable_path/Frameworks";
				PRODUCT_BUNDLE_IDENTIFIER = FlatironSchool.com.Lemonade;
				PRODUCT_NAME = "$(TARGET_NAME)";
			};
			name = Debug;
		};
		1B9B24B31D5E647600E10D58 /* Release */ = {
			isa = XCBuildConfiguration;
			baseConfigurationReference = AEFDADAF976DB5FE8EEF2799 /* Pods-Lemonade.release.xcconfig */;
			buildSettings = {
				ASSETCATALOG_COMPILER_APPICON_NAME = AppIcon;
				INFOPLIST_FILE = Lemonade/Info.plist;
				LD_RUNPATH_SEARCH_PATHS = "$(inherited) @executable_path/Frameworks";
				PRODUCT_BUNDLE_IDENTIFIER = FlatironSchool.com.Lemonade;
				PRODUCT_NAME = "$(TARGET_NAME)";
			};
			name = Release;
		};
/* End XCBuildConfiguration section */

/* Begin XCConfigurationList section */
		1B9B24971D5E647600E10D58 /* Build configuration list for PBXProject "Lemonade" */ = {
			isa = XCConfigurationList;
			buildConfigurations = (
				1B9B24AF1D5E647600E10D58 /* Debug */,
				1B9B24B01D5E647600E10D58 /* Release */,
			);
			defaultConfigurationIsVisible = 0;
			defaultConfigurationName = Release;
		};
		1B9B24B11D5E647600E10D58 /* Build configuration list for PBXNativeTarget "Lemonade" */ = {
			isa = XCConfigurationList;
			buildConfigurations = (
				1B9B24B21D5E647600E10D58 /* Debug */,
				1B9B24B31D5E647600E10D58 /* Release */,
			);
			defaultConfigurationIsVisible = 0;
			defaultConfigurationName = Release;
		};
/* End XCConfigurationList section */

/* Begin XCVersionGroup section */
		43D35FA41D624E430017C4D6 /* UsersAndDate.xcdatamodeld */ = {
			isa = XCVersionGroup;
			children = (
				43D35FA51D624E430017C4D6 /* UsersAndDate.xcdatamodel */,
			);
			currentVersion = 43D35FA51D624E430017C4D6 /* UsersAndDate.xcdatamodel */;
			path = UsersAndDate.xcdatamodeld;
			sourceTree = "<group>";
			versionGroupType = wrapper.xcdatamodel;
		};
/* End XCVersionGroup section */
	};
	rootObject = 1B9B24941D5E647600E10D58 /* Project object */;
}
